
Microsoft Visual Studio Solution File, Format Version 12.00
# Visual Studio 15
Project("{FAE04EC0-301F-11D3-BF4B-00C04F79EFBC}") = "UnityEngine.UI", "UnityEngine.UI.csproj", "{FA109B58-4EB9-3551-90E0-0E46591CE41B}"
EndProject
Project("{FAE04EC0-301F-11D3-BF4B-00C04F79EFBC}") = "Assembly-CSharp", "Assembly-CSharp.csproj", "{0BE8E511-D506-A1D0-E67D-923A5ED26D39}"
EndProject
Project("{FAE04EC0-301F-11D3-BF4B-00C04F79EFBC}") = "Assembly-CSharp-Editor", "Assembly-CSharp-Editor.csproj", "{00366C92-7ED2-FFA1-4310-E9B080B0170D}"
EndProject
Project("{FAE04EC0-301F-11D3-BF4B-00C04F79EFBC}") = "Unity.2D.Sprite.Editor", "Unity.2D.Sprite.Editor.csproj", "{623CA937-A800-1CD5-D4B8-9CEE85E6E06F}"
EndProject
Project("{FAE04EC0-301F-11D3-BF4B-00C04F79EFBC}") = "UnityEditor.UI", "UnityEditor.UI.csproj", "{724D6CBC-4B1E-DA87-4596-CEE4CAD2EB8C}"
EndProject
Global
	GlobalSection(SolutionConfigurationPlatforms) = preSolution
		Debug|Any CPU = Debug|Any CPU
		Release|Any CPU = Release|Any CPU
	EndGlobalSection
	GlobalSection(ProjectConfigurationPlatforms) = postSolution
		{FA109B58-4EB9-3551-90E0-0E46591CE41B}.Debug|Any CPU.ActiveCfg = Debug|Any CPU
		{FA109B58-4EB9-3551-90E0-0E46591CE41B}.Debug|Any CPU.Build.0 = Debug|Any CPU
		{FA109B58-4EB9-3551-90E0-0E46591CE41B}.Release|Any CPU.ActiveCfg = Release|Any CPU
		{FA109B58-4EB9-3551-90E0-0E46591CE41B}.Release|Any CPU.Build.0 = Release|Any CPU
		{0BE8E511-D506-A1D0-E67D-923A5ED26D39}.Debug|Any CPU.ActiveCfg = Debug|Any CPU
		{0BE8E511-D506-A1D0-E67D-923A5ED26D39}.Debug|Any CPU.Build.0 = Debug|Any CPU
		{0BE8E511-D506-A1D0-E67D-923A5ED26D39}.Release|Any CPU.ActiveCfg = Release|Any CPU
		{0BE8E511-D506-A1D0-E67D-923A5ED26D39}.Release|Any CPU.Build.0 = Release|Any CPU
		{00366C92-7ED2-FFA1-4310-E9B080B0170D}.Debug|Any CPU.ActiveCfg = Debug|Any CPU
		{00366C92-7ED2-FFA1-4310-E9B080B0170D}.Debug|Any CPU.Build.0 = Debug|Any CPU
		{00366C92-7ED2-FFA1-4310-E9B080B0170D}.Release|Any CPU.ActiveCfg = Release|Any CPU
		{00366C92-7ED2-FFA1-4310-E9B080B0170D}.Release|Any CPU.Build.0 = Release|Any CPU
		{623CA937-A800-1CD5-D4B8-9CEE85E6E06F}.Debug|Any CPU.ActiveCfg = Debug|Any CPU
		{623CA937-A800-1CD5-D4B8-9CEE85E6E06F}.Debug|Any CPU.Build.0 = Debug|Any CPU
		{623CA937-A800-1CD5-D4B8-9CEE85E6E06F}.Release|Any CPU.ActiveCfg = Release|Any CPU
		{623CA937-A800-1CD5-D4B8-9CEE85E6E06F}.Release|Any CPU.Build.0 = Release|Any CPU
		{724D6CBC-4B1E-DA87-4596-CEE4CAD2EB8C}.Debug|Any CPU.ActiveCfg = Debug|Any CPU
		{724D6CBC-4B1E-DA87-4596-CEE4CAD2EB8C}.Debug|Any CPU.Build.0 = Debug|Any CPU
		{724D6CBC-4B1E-DA87-4596-CEE4CAD2EB8C}.Release|Any CPU.ActiveCfg = Release|Any CPU
		{724D6CBC-4B1E-DA87-4596-CEE4CAD2EB8C}.Release|Any CPU.Build.0 = Release|Any CPU
	EndGlobalSection
	GlobalSection(SolutionProperties) = preSolution
		HideSolutionNode = FALSE
	EndGlobalSection
EndGlobal
